# THIS IS AN AUTOGENERATED FILE. DO NOT EDIT THIS FILE DIRECTLY.
# yarn lockfile v1


"@types/cheerio@^0.22.23":
  version "0.22.23"
  resolved "https://registry.npm.taobao.org/@types/cheerio/download/@types/cheerio-0.22.23.tgz?cache=0&sync_timestamp=1607404335731&other_urls=https%3A%2F%2Fregistry.npm.taobao.org%2F%40types%2Fcheerio%2Fdownload%2F%40types%2Fcheerio-0.22.23.tgz#74bcfee9c5ee53f619711dca953a89fe5cfa4eb4"
  integrity sha1-dLz+6cXuU/YZcR3KlTqJ/lz6TrQ=
  dependencies:
    "@types/node" "*"

"@types/fluent-ffmpeg@^2.1.16":
  version "2.1.16"
  resolved "http://172.16.148.174:8081/repository/npm/@types/fluent-ffmpeg/-/fluent-ffmpeg-2.1.16.tgz#63949b0cb6bc88c9157a579cdd80858a269f3a3a"
  integrity sha1-Y5SbDLa8iMkVelec3YCFiiafOjo=
  dependencies:
    "@types/node" "*"

"@types/node@*":
  version "14.14.14"
  resolved "https://registry.npm.taobao.org/@types/node/download/@types/node-14.14.14.tgz?cache=0&sync_timestamp=1608047811130&other_urls=https%3A%2F%2Fregistry.npm.taobao.org%2F%40types%2Fnode%2Fdownload%2F%40types%2Fnode-14.14.14.tgz#f7fd5f3cc8521301119f63910f0fb965c7d761ae"
  integrity sha1-9/1fPMhSEwERn2ORDw+5ZcfXYa4=

"@types/puppeteer@^5.4.2":
  version "5.4.2"
  resolved "https://registry.npm.taobao.org/@types/puppeteer/download/@types/puppeteer-5.4.2.tgz#80f3a1f54dedbbf750779716de81401549062072"
  integrity sha1-gPOh9U3tu/dQd5cW3oFAFUkGIHI=
  dependencies:
    "@types/node" "*"

"@types/yauzl@^2.9.1":
  version "2.9.1"
  resolved "https://registry.npm.taobao.org/@types/yauzl/download/@types/yauzl-2.9.1.tgz#d10f69f9f522eef3cf98e30afb684a1e1ec923af"
  integrity sha1-0Q9p+fUi7vPPmOMK+2hKHh7JI68=
  dependencies:
    "@types/node" "*"

agent-base@5:
  version "5.1.1"
  resolved "https://registry.npm.taobao.org/agent-base/download/agent-base-5.1.1.tgz?cache=0&sync_timestamp=1603480041218&other_urls=https%3A%2F%2Fregistry.npm.taobao.org%2Fagent-base%2Fdownload%2Fagent-base-5.1.1.tgz#e8fb3f242959db44d63be665db7a8e739537a32c"
  integrity sha1-6Ps/JClZ20TWO+Zl23qOc5U3oyw=

arg@^4.1.0:
  version "4.1.3"
  resolved "https://registry.npm.taobao.org/arg/download/arg-4.1.3.tgz#269fc7ad5b8e42cb63c896d5666017261c144089"
  integrity sha1-Jp/HrVuOQstjyJbVZmAXJhwUQIk=

async@>=0.2.9:
  version "3.2.0"
  resolved "http://172.16.148.174:8081/repository/npm/async/-/async-3.2.0.tgz#b3a2685c5ebb641d3de02d161002c60fc9f85720"
  integrity sha1-s6JoXF67ZB094C0WEALGD8n4VyA=

axios@^0.21.0:
  version "0.21.0"
  resolved "https://registry.npm.taobao.org/axios/download/axios-0.21.0.tgz?cache=0&sync_timestamp=1603468716105&other_urls=https%3A%2F%2Fregistry.npm.taobao.org%2Faxios%2Fdownload%2Faxios-0.21.0.tgz#26df088803a2350dff2c27f96fef99fe49442aca"
  integrity sha1-Jt8IiAOiNQ3/LCf5b++Z/klEKso=
  dependencies:
    follow-redirects "^1.10.0"

balanced-match@^1.0.0:
  version "1.0.0"
  resolved "https://registry.npm.taobao.org/balanced-match/download/balanced-match-1.0.0.tgz#89b4d199ab2bee49de164ea02b89ce462d71b767"
  integrity sha1-ibTRmasr7kneFk6gK4nORi1xt2c=

base64-js@^1.3.1:
  version "1.5.1"
  resolved "https://registry.npm.taobao.org/base64-js/download/base64-js-1.5.1.tgz?cache=0&other_urls=https%3A%2F%2Fregistry.npm.taobao.org%2Fbase64-js%2Fdownload%2Fbase64-js-1.5.1.tgz#1b1b440160a5bf7ad40b650f095963481903930a"
  integrity sha1-GxtEAWClv3rUC2UPCVljSBkDkwo=

bl@^4.0.3:
  version "4.0.3"
  resolved "https://registry.npm.taobao.org/bl/download/bl-4.0.3.tgz#12d6287adc29080e22a705e5764b2a9522cdc489"
  integrity sha1-EtYoetwpCA4ipwXldksqlSLNxIk=
  dependencies:
    buffer "^5.5.0"
    inherits "^2.0.4"
    readable-stream "^3.4.0"

boolbase@~1.0.0:
  version "1.0.0"
  resolved "https://registry.npm.taobao.org/boolbase/download/boolbase-1.0.0.tgz#68dff5fbe60c51eb37725ea9e3ed310dcc1e776e"
  integrity sha1-aN/1++YMUes3cl6p4+0xDcwed24=

brace-expansion@^1.1.7:
  version "1.1.11"
  resolved "https://registry.npm.taobao.org/brace-expansion/download/brace-expansion-1.1.11.tgz?cache=0&sync_timestamp=1601898189928&other_urls=https%3A%2F%2Fregistry.npm.taobao.org%2Fbrace-expansion%2Fdownload%2Fbrace-expansion-1.1.11.tgz#3c7fcbf529d87226f3d2f52b966ff5271eb441dd"
  integrity sha1-PH/L9SnYcibz0vUrlm/1Jx60Qd0=
  dependencies:
    balanced-match "^1.0.0"
    concat-map "0.0.1"

buffer-crc32@~0.2.3:
  version "0.2.13"
  resolved "https://registry.npm.taobao.org/buffer-crc32/download/buffer-crc32-0.2.13.tgz#0d333e3f00eac50aa1454abd30ef8c2a5d9a7242"
  integrity sha1-DTM+PwDqxQqhRUq9MO+MKl2ackI=

buffer-from@^1.0.0:
  version "1.1.1"
  resolved "https://registry.npm.taobao.org/buffer-from/download/buffer-from-1.1.1.tgz#32713bc028f75c02fdb710d7c7bcec1f2c6070ef"
  integrity sha1-MnE7wCj3XAL9txDXx7zsHyxgcO8=

buffer@^5.2.1, buffer@^5.5.0:
  version "5.7.1"
  resolved "https://registry.npm.taobao.org/buffer/download/buffer-5.7.1.tgz?cache=0&sync_timestamp=1606098078312&other_urls=https%3A%2F%2Fregistry.npm.taobao.org%2Fbuffer%2Fdownload%2Fbuffer-5.7.1.tgz#ba62e7c13133053582197160851a8f648e99eed0"
  integrity sha1-umLnwTEzBTWCGXFghRqPZI6Z7tA=
  dependencies:
    base64-js "^1.3.1"
    ieee754 "^1.1.13"

cheerio@^1.0.0-rc.3:
  version "1.0.0-rc.3"
  resolved "https://registry.npm.taobao.org/cheerio/download/cheerio-1.0.0-rc.3.tgz#094636d425b2e9c0f4eb91a46c05630c9a1a8bf6"
  integrity sha1-CUY21CWy6cD065GkbAVjDJoai/Y=
  dependencies:
    css-select "~1.2.0"
    dom-serializer "~0.1.1"
    entities "~1.1.1"
    htmlparser2 "^3.9.1"
    lodash "^4.15.0"
    parse5 "^3.0.1"

chownr@^1.1.1:
  version "1.1.4"
  resolved "https://registry.npm.taobao.org/chownr/download/chownr-1.1.4.tgz#6fc9d7b42d32a583596337666e7d08084da2cc6b"
  integrity sha1-b8nXtC0ypYNZYzdmbn0ICE2izGs=

concat-map@0.0.1:
  version "0.0.1"
  resolved "https://registry.npm.taobao.org/concat-map/download/concat-map-0.0.1.tgz#d8a96bd77fd68df7793a73036a3ba0d5405d477b"
  integrity sha1-2Klr13/Wjfd5OnMDajug1UBdR3s=

create-require@^1.1.0:
  version "1.1.1"
  resolved "https://registry.npm.taobao.org/create-require/download/create-require-1.1.1.tgz#c1d7e8f1e5f6cfc9ff65f9cd352d37348756c333"
  integrity sha1-wdfo8eX2z8n/ZfnNNS03NIdWwzM=

css-select@~1.2.0:
  version "1.2.0"
  resolved "https://registry.npm.taobao.org/css-select/download/css-select-1.2.0.tgz?cache=0&other_urls=https%3A%2F%2Fregistry.npm.taobao.org%2Fcss-select%2Fdownload%2Fcss-select-1.2.0.tgz#2b3a110539c5355f1cd8d314623e870b121ec858"
  integrity sha1-KzoRBTnFNV8c2NMUYj6HCxIeyFg=
  dependencies:
    boolbase "~1.0.0"
    css-what "2.1"
    domutils "1.5.1"
    nth-check "~1.0.1"

css-what@2.1:
  version "2.1.3"
  resolved "https://registry.npm.taobao.org/css-what/download/css-what-2.1.3.tgz#a6d7604573365fe74686c3f311c56513d88285f2"
  integrity sha1-ptdgRXM2X+dGhsPzEcVlE9iChfI=

debug@4, debug@^4.1.0, debug@^4.1.1:
  version "4.3.1"
  resolved "https://registry.npm.taobao.org/debug/download/debug-4.3.1.tgz?cache=0&sync_timestamp=1607566512593&other_urls=https%3A%2F%2Fregistry.npm.taobao.org%2Fdebug%2Fdownload%2Fdebug-4.3.1.tgz#f0d229c505e0c6d8c49ac553d1b13dc183f6b2ee"
  integrity sha1-8NIpxQXgxtjEmsVT0bE9wYP2su4=
  dependencies:
    ms "2.1.2"

devtools-protocol@0.0.818844:
  version "0.0.818844"
  resolved "https://registry.npm.taobao.org/devtools-protocol/download/devtools-protocol-0.0.818844.tgz#d1947278ec85b53e4c8ca598f607a28fa785ba9e"
  integrity sha1-0ZRyeOyFtT5MjKWY9geij6eFup4=

diff@^4.0.1:
  version "4.0.2"
  resolved "https://registry.npm.taobao.org/diff/download/diff-4.0.2.tgz?cache=0&sync_timestamp=1604803633979&other_urls=https%3A%2F%2Fregistry.npm.taobao.org%2Fdiff%2Fdownload%2Fdiff-4.0.2.tgz#60f3aecb89d5fae520c11aa19efc2bb982aade7d"
  integrity sha1-YPOuy4nV+uUgwRqhnvwruYKq3n0=

dom-serializer@0:
  version "0.2.2"
  resolved "https://registry.npm.taobao.org/dom-serializer/download/dom-serializer-0.2.2.tgz?cache=0&sync_timestamp=1607193069835&other_urls=https%3A%2F%2Fregistry.npm.taobao.org%2Fdom-serializer%2Fdownload%2Fdom-serializer-0.2.2.tgz#1afb81f533717175d478655debc5e332d9f9bb51"
  integrity sha1-GvuB9TNxcXXUeGVd68XjMtn5u1E=
  dependencies:
    domelementtype "^2.0.1"
    entities "^2.0.0"

dom-serializer@~0.1.1:
  version "0.1.1"
  resolved "https://registry.npm.taobao.org/dom-serializer/download/dom-serializer-0.1.1.tgz?cache=0&sync_timestamp=1607193069835&other_urls=https%3A%2F%2Fregistry.npm.taobao.org%2Fdom-serializer%2Fdownload%2Fdom-serializer-0.1.1.tgz#1ec4059e284babed36eec2941d4a970a189ce7c0"
  integrity sha1-HsQFnihLq+027sKUHUqXChic58A=
  dependencies:
    domelementtype "^1.3.0"
    entities "^1.1.1"

domelementtype@1, domelementtype@^1.3.0, domelementtype@^1.3.1:
  version "1.3.1"
  resolved "https://registry.npm.taobao.org/domelementtype/download/domelementtype-1.3.1.tgz?cache=0&sync_timestamp=1606866074488&other_urls=https%3A%2F%2Fregistry.npm.taobao.org%2Fdomelementtype%2Fdownload%2Fdomelementtype-1.3.1.tgz#d048c44b37b0d10a7f2a3d5fee3f4333d790481f"
  integrity sha1-0EjESzew0Qp/Kj1f7j9DM9eQSB8=

domelementtype@^2.0.1:
  version "2.1.0"
  resolved "https://registry.npm.taobao.org/domelementtype/download/domelementtype-2.1.0.tgz?cache=0&sync_timestamp=1606866074488&other_urls=https%3A%2F%2Fregistry.npm.taobao.org%2Fdomelementtype%2Fdownload%2Fdomelementtype-2.1.0.tgz#a851c080a6d1c3d94344aed151d99f669edf585e"
  integrity sha1-qFHAgKbRw9lDRK7RUdmfZp7fWF4=

domhandler@^2.3.0:
  version "2.4.2"
  resolved "https://registry.npm.taobao.org/domhandler/download/domhandler-2.4.2.tgz?cache=0&sync_timestamp=1606872214844&other_urls=https%3A%2F%2Fregistry.npm.taobao.org%2Fdomhandler%2Fdownload%2Fdomhandler-2.4.2.tgz#8805097e933d65e85546f726d60f5eb88b44f803"
  integrity sha1-iAUJfpM9ZehVRvcm1g9euItE+AM=
  dependencies:
    domelementtype "1"

domutils@1.5.1:
  version "1.5.1"
  resolved "https://registry.npm.taobao.org/domutils/download/domutils-1.5.1.tgz?cache=0&sync_timestamp=1607393108397&other_urls=https%3A%2F%2Fregistry.npm.taobao.org%2Fdomutils%2Fdownload%2Fdomutils-1.5.1.tgz#dcd8488a26f563d61079e48c9f7b7e32373682cf"
  integrity sha1-3NhIiib1Y9YQeeSMn3t+Mjc2gs8=
  dependencies:
    dom-serializer "0"
    domelementtype "1"

domutils@^1.5.1:
  version "1.7.0"
  resolved "https://registry.npm.taobao.org/domutils/download/domutils-1.7.0.tgz?cache=0&sync_timestamp=1607393108397&other_urls=https%3A%2F%2Fregistry.npm.taobao.org%2Fdomutils%2Fdownload%2Fdomutils-1.7.0.tgz#56ea341e834e06e6748af7a1cb25da67ea9f8c2a"
  integrity sha1-Vuo0HoNOBuZ0ivehyyXaZ+qfjCo=
  dependencies:
    dom-serializer "0"
    domelementtype "1"

end-of-stream@^1.1.0, end-of-stream@^1.4.1:
  version "1.4.4"
  resolved "https://registry.npm.taobao.org/end-of-stream/download/end-of-stream-1.4.4.tgz#5ae64a5f45057baf3626ec14da0ca5e4b2431eb0"
  integrity sha1-WuZKX0UFe682JuwU2gyl5LJDHrA=
  dependencies:
    once "^1.4.0"

entities@^1.1.1, entities@~1.1.1:
  version "1.1.2"
  resolved "https://registry.npm.taobao.org/entities/download/entities-1.1.2.tgz#bdfa735299664dfafd34529ed4f8522a275fea56"
  integrity sha1-vfpzUplmTfr9NFKe1PhSKidf6lY=

entities@^2.0.0:
  version "2.1.0"
  resolved "https://registry.npm.taobao.org/entities/download/entities-2.1.0.tgz#992d3129cf7df6870b96c57858c249a120f8b8b5"
  integrity sha1-mS0xKc999ocLlsV4WMJJoSD4uLU=

extract-zip@^2.0.0:
  version "2.0.1"
  resolved "https://registry.npm.taobao.org/extract-zip/download/extract-zip-2.0.1.tgz#663dca56fe46df890d5f131ef4a06d22bb8ba13a"
  integrity sha1-Zj3KVv5G34kNXxMe9KBtIruLoTo=
  dependencies:
    debug "^4.1.1"
    get-stream "^5.1.0"
    yauzl "^2.10.0"
  optionalDependencies:
    "@types/yauzl" "^2.9.1"

fd-slicer@~1.1.0:
  version "1.1.0"
  resolved "https://registry.npm.taobao.org/fd-slicer/download/fd-slicer-1.1.0.tgz#25c7c89cb1f9077f8891bbe61d8f390eae256f1e"
  integrity sha1-JcfInLH5B3+IkbvmHY85Dq4lbx4=
  dependencies:
    pend "~1.2.0"

find-up@^4.0.0:
  version "4.1.0"
  resolved "https://registry.npm.taobao.org/find-up/download/find-up-4.1.0.tgz#97afe7d6cdc0bc5928584b7c8d7b16e8a9aa5d19"
  integrity sha1-l6/n1s3AvFkoWEt8jXsW6KmqXRk=
  dependencies:
    locate-path "^5.0.0"
    path-exists "^4.0.0"

fluent-ffmpeg@^2.1.2:
  version "2.1.2"
  resolved "http://172.16.148.174:8081/repository/npm/fluent-ffmpeg/-/fluent-ffmpeg-2.1.2.tgz#c952de2240f812ebda0aa8006d7776ee2acf7d74"
  integrity sha1-yVLeIkD4EuvaCqgAbXd27irPfXQ=
  dependencies:
    async ">=0.2.9"
    which "^1.1.1"

follow-redirects@^1.10.0:
  version "1.13.1"
  resolved "https://registry.npm.taobao.org/follow-redirects/download/follow-redirects-1.13.1.tgz?cache=0&sync_timestamp=1607916915121&other_urls=https%3A%2F%2Fregistry.npm.taobao.org%2Ffollow-redirects%2Fdownload%2Ffollow-redirects-1.13.1.tgz#5f69b813376cee4fd0474a3aba835df04ab763b7"
  integrity sha1-X2m4Ezds7k/QR0o6uoNd8Eq3Y7c=

fs-constants@^1.0.0:
  version "1.0.0"
  resolved "https://registry.npm.taobao.org/fs-constants/download/fs-constants-1.0.0.tgz#6be0de9be998ce16af8afc24497b9ee9b7ccd9ad"
  integrity sha1-a+Dem+mYzhavivwkSXue6bfM2a0=

fs.realpath@^1.0.0:
  version "1.0.0"
  resolved "https://registry.npm.taobao.org/fs.realpath/download/fs.realpath-1.0.0.tgz#1504ad2523158caa40db4a2787cb01411994ea4f"
  integrity sha1-FQStJSMVjKpA20onh8sBQRmU6k8=

get-stream@^5.1.0:
  version "5.2.0"
  resolved "https://registry.npm.taobao.org/get-stream/download/get-stream-5.2.0.tgz?cache=0&sync_timestamp=1597056585216&other_urls=https%3A%2F%2Fregistry.npm.taobao.org%2Fget-stream%2Fdownload%2Fget-stream-5.2.0.tgz#4966a1795ee5ace65e706c4b7beb71257d6e22d3"
  integrity sha1-SWaheV7lrOZecGxLe+txJX1uItM=
  dependencies:
    pump "^3.0.0"

glob@^7.1.3:
  version "7.1.6"
  resolved "https://registry.npm.taobao.org/glob/download/glob-7.1.6.tgz#141f33b81a7c2492e125594307480c46679278a6"
  integrity sha1-FB8zuBp8JJLhJVlDB0gMRmeSeKY=
  dependencies:
    fs.realpath "^1.0.0"
    inflight "^1.0.4"
    inherits "2"
    minimatch "^3.0.4"
    once "^1.3.0"
    path-is-absolute "^1.0.0"

htmlparser2@^3.9.1:
  version "3.10.1"
  resolved "https://registry.npm.taobao.org/htmlparser2/download/htmlparser2-3.10.1.tgz?cache=0&sync_timestamp=1607394246609&other_urls=https%3A%2F%2Fregistry.npm.taobao.org%2Fhtmlparser2%2Fdownload%2Fhtmlparser2-3.10.1.tgz#bd679dc3f59897b6a34bb10749c855bb53a9392f"
  integrity sha1-vWedw/WYl7ajS7EHSchVu1OpOS8=
  dependencies:
    domelementtype "^1.3.1"
    domhandler "^2.3.0"
    domutils "^1.5.1"
    entities "^1.1.1"
    inherits "^2.0.1"
    readable-stream "^3.1.1"

https-proxy-agent@^4.0.0:
  version "4.0.0"
  resolved "https://registry.npm.taobao.org/https-proxy-agent/download/https-proxy-agent-4.0.0.tgz#702b71fb5520a132a66de1f67541d9e62154d82b"
  integrity sha1-cCtx+1UgoTKmbeH2dUHZ5iFU2Cs=
  dependencies:
    agent-base "5"
    debug "4"

ieee754@^1.1.13:
  version "1.2.1"
  resolved "https://registry.npm.taobao.org/ieee754/download/ieee754-1.2.1.tgz?cache=0&sync_timestamp=1603838235461&other_urls=https%3A%2F%2Fregistry.npm.taobao.org%2Fieee754%2Fdownload%2Fieee754-1.2.1.tgz#8eb7a10a63fff25d15a57b001586d177d1b0d352"
  integrity sha1-jrehCmP/8l0VpXsAFYbRd9Gw01I=

inflight@^1.0.4:
  version "1.0.6"
  resolved "https://registry.npm.taobao.org/inflight/download/inflight-1.0.6.tgz#49bd6331d7d02d0c09bc910a1075ba8165b56df9"
  integrity sha1-Sb1jMdfQLQwJvJEKEHW6gWW1bfk=
  dependencies:
    once "^1.3.0"
    wrappy "1"

inherits@2, inherits@^2.0.1, inherits@^2.0.3, inherits@^2.0.4:
  version "2.0.4"
  resolved "https://registry.npm.taobao.org/inherits/download/inherits-2.0.4.tgz#0fa2c64f932917c3433a0ded55363aae37416b7c"
  integrity sha1-D6LGT5MpF8NDOg3tVTY6rjdBa3w=

isexe@^2.0.0:
  version "2.0.0"
  resolved "http://172.16.148.174:8081/repository/npm/isexe/-/isexe-2.0.0.tgz#e8fbf374dc556ff8947a10dcb0572d633f2cfa10"
  integrity sha1-6PvzdNxVb/iUehDcsFctYz8s+hA=

locate-path@^5.0.0:
  version "5.0.0"
  resolved "https://registry.npm.taobao.org/locate-path/download/locate-path-5.0.0.tgz#1afba396afd676a6d42504d0a67a3a7eb9f62aa0"
  integrity sha1-Gvujlq/WdqbUJQTQpno6frn2KqA=
  dependencies:
    p-locate "^4.1.0"

lodash@^4.15.0:
  version "4.17.20"
  resolved "https://registry.npm.taobao.org/lodash/download/lodash-4.17.20.tgz#b44a9b6297bcb698f1c51a3545a2b3b368d59c52"
  integrity sha1-tEqbYpe8tpjxxRo1RaKzs2jVnFI=

make-error@^1.1.1:
  version "1.3.6"
  resolved "https://registry.npm.taobao.org/make-error/download/make-error-1.3.6.tgz#2eb2e37ea9b67c4891f684a1394799af484cf7a2"
  integrity sha1-LrLjfqm2fEiR9oShOUeZr0hM96I=

minimatch@^3.0.4:
  version "3.0.4"
  resolved "https://registry.npm.taobao.org/minimatch/download/minimatch-3.0.4.tgz#5166e286457f03306064be5497e8dbb0c3d32083"
  integrity sha1-UWbihkV/AzBgZL5Ul+jbsMPTIIM=
  dependencies:
    brace-expansion "^1.1.7"

mkdirp-classic@^0.5.2:
  version "0.5.3"
  resolved "https://registry.npm.taobao.org/mkdirp-classic/download/mkdirp-classic-0.5.3.tgz#fa10c9115cc6d8865be221ba47ee9bed78601113"
  integrity sha1-+hDJEVzG2IZb4iG6R+6b7XhgERM=

ms@2.1.2:
  version "2.1.2"
  resolved "https://registry.npm.taobao.org/ms/download/ms-2.1.2.tgz?cache=0&sync_timestamp=1607433899126&other_urls=https%3A%2F%2Fregistry.npm.taobao.org%2Fms%2Fdownload%2Fms-2.1.2.tgz#d09d1f357b443f493382a8eb3ccd183872ae6009"
  integrity sha1-0J0fNXtEP0kzgqjrPM0YOHKuYAk=

node-fetch@^2.6.1:
  version "2.6.1"
  resolved "https://registry.npm.taobao.org/node-fetch/download/node-fetch-2.6.1.tgz?cache=0&sync_timestamp=1599309202591&other_urls=https%3A%2F%2Fregistry.npm.taobao.org%2Fnode-fetch%2Fdownload%2Fnode-fetch-2.6.1.tgz#045bd323631f76ed2e2b55573394416b639a0052"
  integrity sha1-BFvTI2Mfdu0uK1VXM5RBa2OaAFI=

nth-check@~1.0.1:
  version "1.0.2"
  resolved "https://registry.npm.taobao.org/nth-check/download/nth-check-1.0.2.tgz#b2bd295c37e3dd58a3bf0700376663ba4d9cf05c"
  integrity sha1-sr0pXDfj3VijvwcAN2Zjuk2c8Fw=
  dependencies:
    boolbase "~1.0.0"

once@^1.3.0, once@^1.3.1, once@^1.4.0:
  version "1.4.0"
  resolved "https://registry.npm.taobao.org/once/download/once-1.4.0.tgz#583b1aa775961d4b113ac17d9c50baef9dd76bd1"
  integrity sha1-WDsap3WWHUsROsF9nFC6753Xa9E=
  dependencies:
    wrappy "1"

p-limit@^2.2.0:
  version "2.3.0"
  resolved "https://registry.npm.taobao.org/p-limit/download/p-limit-2.3.0.tgz#3dd33c647a214fdfffd835933eb086da0dc21db1"
  integrity sha1-PdM8ZHohT9//2DWTPrCG2g3CHbE=
  dependencies:
    p-try "^2.0.0"

p-limit@^3.1.0:
  version "3.1.0"
  resolved "https://registry.npm.taobao.org/p-limit/download/p-limit-3.1.0.tgz#e1daccbe78d0d1388ca18c64fea38e3e57e3706b"
  integrity sha1-4drMvnjQ0TiMoYxk/qOOPlfjcGs=
  dependencies:
    yocto-queue "^0.1.0"

p-locate@^4.1.0:
  version "4.1.0"
  resolved "https://registry.npm.taobao.org/p-locate/download/p-locate-4.1.0.tgz?cache=0&sync_timestamp=1597081605529&other_urls=https%3A%2F%2Fregistry.npm.taobao.org%2Fp-locate%2Fdownload%2Fp-locate-4.1.0.tgz#a3428bb7088b3a60292f66919278b7c297ad4f07"
  integrity sha1-o0KLtwiLOmApL2aRkni3wpetTwc=
  dependencies:
    p-limit "^2.2.0"

p-try@^2.0.0:
  version "2.2.0"
  resolved "https://registry.npm.taobao.org/p-try/download/p-try-2.2.0.tgz#cb2868540e313d61de58fafbe35ce9004d5540e6"
  integrity sha1-yyhoVA4xPWHeWPr741zpAE1VQOY=

parse5@^3.0.1:
  version "3.0.3"
  resolved "https://registry.npm.taobao.org/parse5/download/parse5-3.0.3.tgz#042f792ffdd36851551cf4e9e066b3874ab45b5c"
  integrity sha1-BC95L/3TaFFVHPTp4Gazh0q0W1w=
  dependencies:
    "@types/node" "*"

path-exists@^4.0.0:
  version "4.0.0"
  resolved "https://registry.npm.taobao.org/path-exists/download/path-exists-4.0.0.tgz#513bdbe2d3b95d7762e8c1137efa195c6c61b5b3"
  integrity sha1-UTvb4tO5XXdi6METfvoZXGxhtbM=

path-is-absolute@^1.0.0:
  version "1.0.1"
  resolved "https://registry.npm.taobao.org/path-is-absolute/download/path-is-absolute-1.0.1.tgz#174b9268735534ffbc7ace6bf53a5a9e1b5c5f5f"
  integrity sha1-F0uSaHNVNP+8es5r9TpanhtcX18=

pend@~1.2.0:
  version "1.2.0"
  resolved "https://registry.npm.taobao.org/pend/download/pend-1.2.0.tgz#7a57eb550a6783f9115331fcf4663d5c8e007a50"
  integrity sha1-elfrVQpng/kRUzH89GY9XI4AelA=

pkg-dir@^4.2.0:
  version "4.2.0"
  resolved "https://registry.npm.taobao.org/pkg-dir/download/pkg-dir-4.2.0.tgz?cache=0&sync_timestamp=1602859008602&other_urls=https%3A%2F%2Fregistry.npm.taobao.org%2Fpkg-dir%2Fdownload%2Fpkg-dir-4.2.0.tgz#f099133df7ede422e81d1d8448270eeb3e4261f3"
  integrity sha1-8JkTPfft5CLoHR2ESCcO6z5CYfM=
  dependencies:
    find-up "^4.0.0"

progress@^2.0.1:
  version "2.0.3"
  resolved "https://registry.npm.taobao.org/progress/download/progress-2.0.3.tgz#7e8cf8d8f5b8f239c1bc68beb4eb78567d572ef8"
  integrity sha1-foz42PW48jnBvGi+tOt4Vn1XLvg=

proxy-from-env@^1.0.0:
  version "1.1.0"
  resolved "https://registry.npm.taobao.org/proxy-from-env/download/proxy-from-env-1.1.0.tgz#e102f16ca355424865755d2c9e8ea4f24d58c3e2"
  integrity sha1-4QLxbKNVQkhldV0sno6k8k1Yw+I=

pump@^3.0.0:
  version "3.0.0"
  resolved "https://registry.npm.taobao.org/pump/download/pump-3.0.0.tgz#b4a2116815bde2f4e1ea602354e8c75565107a64"
  integrity sha1-tKIRaBW94vTh6mAjVOjHVWUQemQ=
  dependencies:
    end-of-stream "^1.1.0"
    once "^1.3.1"

puppeteer@^5.5.0:
  version "5.5.0"
  resolved "http://172.16.148.174:8081/repository/npm/puppeteer/-/puppeteer-5.5.0.tgz#331a7edd212ca06b4a556156435f58cbae08af00"
  integrity sha1-Mxp+3SEsoGtKVWFWQ19Yy64IrwA=
  dependencies:
    debug "^4.1.0"
    devtools-protocol "0.0.818844"
    extract-zip "^2.0.0"
    https-proxy-agent "^4.0.0"
    node-fetch "^2.6.1"
    pkg-dir "^4.2.0"
    progress "^2.0.1"
    proxy-from-env "^1.0.0"
    rimraf "^3.0.2"
    tar-fs "^2.0.0"
    unbzip2-stream "^1.3.3"
    ws "^7.2.3"

readable-stream@^3.1.1, readable-stream@^3.4.0:
  version "3.6.0"
  resolved "https://registry.npm.taobao.org/readable-stream/download/readable-stream-3.6.0.tgz#337bbda3adc0706bd3e024426a286d4b4b2c9198"
  integrity sha1-M3u9o63AcGvT4CRCaihtS0sskZg=
  dependencies:
    inherits "^2.0.3"
    string_decoder "^1.1.1"
    util-deprecate "^1.0.1"

rimraf@^3.0.2:
  version "3.0.2"
  resolved "https://registry.npm.taobao.org/rimraf/download/rimraf-3.0.2.tgz?cache=0&sync_timestamp=1587992602190&other_urls=https%3A%2F%2Fregistry.npm.taobao.org%2Frimraf%2Fdownload%2Frimraf-3.0.2.tgz#f1a5402ba6220ad52cc1282bac1ae3aa49fd061a"
  integrity sha1-8aVAK6YiCtUswSgrrBrjqkn9Bho=
  dependencies:
    glob "^7.1.3"

safe-buffer@~5.2.0:
  version "5.2.1"
  resolved "https://registry.npm.taobao.org/safe-buffer/download/safe-buffer-5.2.1.tgz#1eaf9fa9bdb1fdd4ec75f58f9cdb4e6b7827eec6"
  integrity sha1-Hq+fqb2x/dTsdfWPnNtOa3gn7sY=

source-map-support@^0.5.17:
  version "0.5.19"
  resolved "https://registry.npm.taobao.org/source-map-support/download/source-map-support-0.5.19.tgz#a98b62f86dcaf4f67399648c085291ab9e8fed61"
  integrity sha1-qYti+G3K9PZzmWSMCFKRq56P7WE=
  dependencies:
    buffer-from "^1.0.0"
    source-map "^0.6.0"

source-map@^0.6.0:
  version "0.6.1"
  resolved "https://registry.npm.taobao.org/source-map/download/source-map-0.6.1.tgz#74722af32e9614e9c287a8d0bbde48b5e2f1a263"
  integrity sha1-dHIq8y6WFOnCh6jQu95IteLxomM=

string_decoder@^1.1.1:
  version "1.3.0"
  resolved "https://registry.npm.taobao.org/string_decoder/download/string_decoder-1.3.0.tgz#42f114594a46cf1a8e30b0a84f56c78c3edac21e"
  integrity sha1-QvEUWUpGzxqOMLCoT1bHjD7awh4=
  dependencies:
    safe-buffer "~5.2.0"

tar-fs@^2.0.0:
  version "2.1.1"
  resolved "https://registry.npm.taobao.org/tar-fs/download/tar-fs-2.1.1.tgz#489a15ab85f1f0befabb370b7de4f9eb5cbe8784"
  integrity sha1-SJoVq4Xx8L76uzcLfeT561y+h4Q=
  dependencies:
    chownr "^1.1.1"
    mkdirp-classic "^0.5.2"
    pump "^3.0.0"
    tar-stream "^2.1.4"

tar-stream@^2.1.4:
  version "2.1.4"
  resolved "https://registry.npm.taobao.org/tar-stream/download/tar-stream-2.1.4.tgz?cache=0&sync_timestamp=1599741957520&other_urls=https%3A%2F%2Fregistry.npm.taobao.org%2Ftar-stream%2Fdownload%2Ftar-stream-2.1.4.tgz#c4fb1a11eb0da29b893a5b25476397ba2d053bfa"
  integrity sha1-xPsaEesNopuJOlslR2OXui0FO/o=
  dependencies:
    bl "^4.0.3"
    end-of-stream "^1.4.1"
    fs-constants "^1.0.0"
    inherits "^2.0.3"
    readable-stream "^3.1.1"

through@^2.3.8:
  version "2.3.8"
  resolved "https://registry.npm.taobao.org/through/download/through-2.3.8.tgz#0dd4c9ffaabc357960b1b724115d7e0e86a2e1f5"
  integrity sha1-DdTJ/6q8NXlgsbckEV1+Doai4fU=

ts-node@^9.1.1:
  version "9.1.1"
  resolved "https://registry.npm.taobao.org/ts-node/download/ts-node-9.1.1.tgz?cache=0&sync_timestamp=1607350862588&other_urls=https%3A%2F%2Fregistry.npm.taobao.org%2Fts-node%2Fdownload%2Fts-node-9.1.1.tgz#51a9a450a3e959401bda5f004a72d54b936d376d"
  integrity sha1-UamkUKPpWUAb2l8ASnLVS5NtN20=
  dependencies:
    arg "^4.1.0"
    create-require "^1.1.0"
    diff "^4.0.1"
    make-error "^1.1.1"
    source-map-support "^0.5.17"
    yn "3.1.1"

typescript@^4.1.3:
  version "4.1.3"
  resolved "https://registry.npm.taobao.org/typescript/download/typescript-4.1.3.tgz#519d582bd94cba0cf8934c7d8e8467e473f53bb7"
  integrity sha1-UZ1YK9lMugz4k0x9joRn5HP1O7c=

unbzip2-stream@^1.3.3:
  version "1.4.3"
  resolved "https://registry.npm.taobao.org/unbzip2-stream/download/unbzip2-stream-1.4.3.tgz#b0da04c4371311df771cdc215e87f2130991ace7"
  integrity sha1-sNoExDcTEd93HNwhXofyEwmRrOc=
  dependencies:
    buffer "^5.2.1"
    through "^2.3.8"

util-deprecate@^1.0.1:
  version "1.0.2"
  resolved "https://registry.npm.taobao.org/util-deprecate/download/util-deprecate-1.0.2.tgz#450d4dc9fa70de732762fbd2d4a28981419a0ccf"
  integrity sha1-RQ1Nyfpw3nMnYvvS1KKJgUGaDM8=

which@^1.1.1:
  version "1.3.1"
  resolved "http://172.16.148.174:8081/repository/npm/which/-/which-1.3.1.tgz#a45043d54f5805316da8d62f9f50918d3da70b0a"
  integrity sha1-pFBD1U9YBTFtqNYvn1CRjT2nCwo=
  dependencies:
    isexe "^2.0.0"

wrappy@1:
  version "1.0.2"
  resolved "https://registry.npm.taobao.org/wrappy/download/wrappy-1.0.2.tgz#b5243d8f3ec1aa35f1364605bc0d1036e30ab69f"
  integrity sha1-tSQ9jz7BqjXxNkYFvA0QNuMKtp8=

ws@^7.2.3:
  version "7.4.1"
  resolved "https://registry.npm.taobao.org/ws/download/ws-7.4.1.tgz?cache=0&sync_timestamp=1607113032627&other_urls=https%3A%2F%2Fregistry.npm.taobao.org%2Fws%2Fdownload%2Fws-7.4.1.tgz#a333be02696bd0e54cea0434e21dcc8a9ac294bb"
  integrity sha1-ozO+Amlr0OVM6gQ04h3MiprClLs=

yauzl@^2.10.0:
  version "2.10.0"
  resolved "https://registry.npm.taobao.org/yauzl/download/yauzl-2.10.0.tgz#c7eb17c93e112cb1086fa6d8e51fb0667b79a5f9"
  integrity sha1-x+sXyT4RLLEIb6bY5R+wZnt5pfk=
  dependencies:
    buffer-crc32 "~0.2.3"
    fd-slicer "~1.1.0"

yn@3.1.1:
  version "3.1.1"
  resolved "https://registry.npm.taobao.org/yn/download/yn-3.1.1.tgz#1e87401a09d767c1d5eab26a6e4c185182d2eb50"
  integrity sha1-HodAGgnXZ8HV6rJqbkwYUYLS61A=

yocto-queue@^0.1.0:
  version "0.1.0"
  resolved "https://registry.npm.taobao.org/yocto-queue/download/yocto-queue-0.1.0.tgz?cache=0&sync_timestamp=1606288334406&other_urls=https%3A%2F%2Fregistry.npm.taobao.org%2Fyocto-queue%2Fdownload%2Fyocto-queue-0.1.0.tgz#0294eb3dee05028d31ee1a5fa2c556a6aaf10a1b"
  integrity sha1-ApTrPe4FAo0x7hpfosVWpqrxChs=
